
Microsoft Visual Studio Solution File, Format Version 12.00
# Visual Studio Version 17
VisualStudioVersion = 17.2.32516.85
MinimumVisualStudioVersion = 10.0.40219.1
Project("{FAE04EC0-301F-11D3-BF4B-00C04F79EFBC}") = "Star_plgn", "Star_plgn\Star_plgn.csproj", "{761112F1-330C-407E-98A5-204D9E99A9B0}"
EndProject
Global
	GlobalSection(SolutionConfigurationPlatforms) = preSolution
		Debug|Any CPU = Debug|Any CPU
		Release|Any CPU = Release|Any CPU
	EndGlobalSection
	GlobalSection(ProjectConfigurationPlatforms) = postSolution
		{761112F1-330C-407E-98A5-204D9E99A9B0}.Debug|Any CPU.ActiveCfg = Debug|Any CPU
		{761112F1-330C-407E-98A5-204D9E99A9B0}.Debug|Any CPU.Build.0 = Debug|Any CPU
		{761112F1-330C-407E-98A5-204D9E99A9B0}.Release|Any CPU.ActiveCfg = Release|Any CPU
		{761112F1-330C-407E-98A5-204D9E99A9B0}.Release|Any CPU.Build.0 = Release|Any CPU
	EndGlobalSection
	GlobalSection(SolutionProperties) = preSolution
		HideSolutionNode = FALSE
	EndGlobalSection
	GlobalSection(ExtensibilityGlobals) = postSolution
		SolutionGuid = {63E262CE-09ED-4F2C-B93F-B14AACD4FFC9}
	EndGlobalSection
EndGlobal
